
Microsoft Visual Studio Solution File, Format Version 12.00
# Visual Studio Version 16
VisualStudioVersion = 16.0.29519.87
MinimumVisualStudioVersion = 10.0.40219.1
Project("{FAE04EC0-301F-11D3-BF4B-00C04F79EFBC}") = "WebApplication1", "WebApplication1\WebApplication1.csproj", "{6042E496-0E2B-4EB0-972B-79A0AE9969E4}"
EndProject
Global
	GlobalSection(SolutionConfigurationPlatforms) = preSolution
		Debug|Any CPU = Debug|Any CPU
		Release|Any CPU = Release|Any CPU
	EndGlobalSection
	GlobalSection(ProjectConfigurationPlatforms) = postSolution
		{6042E496-0E2B-4EB0-972B-79A0AE9969E4}.Debug|Any CPU.ActiveCfg = Debug|Any CPU
		{6042E496-0E2B-4EB0-972B-79A0AE9969E4}.Debug|Any CPU.Build.0 = Debug|Any CPU
		{6042E496-0E2B-4EB0-972B-79A0AE9969E4}.Release|Any CPU.ActiveCfg = Release|Any CPU
		{6042E496-0E2B-4EB0-972B-79A0AE9969E4}.Release|Any CPU.Build.0 = Release|Any CPU
	EndGlobalSection
	GlobalSection(SolutionProperties) = preSolution
		HideSolutionNode = FALSE
	EndGlobalSection
	GlobalSection(ExtensibilityGlobals) = postSolution
		SolutionGuid = {ED184ECE-58C3-45BC-8CEB-7C35E0AD48CC}
	EndGlobalSection
EndGlobal
